// !$*UTF8*$!
{
	archiveVersion = 1;
	classes = {
	};
	objectVersion = 77;
	objects = {

/* Begin PBXBuildFile section */
		0B87731B976A2A4974F1891C /* branches.json in Resources */ = {isa = PBXBuildFile; fileRef = E60EE95D29BAA3382D83B21A /* branches.json */; };
		0DE0F10CC36FCECF0DCE8511 /* ContentLoader.swift in Sources */ = {isa = PBXBuildFile; fileRef = FCA785AA4706B6296130A2C3 /* ContentLoader.swift */; };
		11D2AD36D20EF066E453DF9A /* HoroscopeReadingGenerator.swift in Sources */ = {isa = PBXBuildFile; fileRef = A28CD7046EBA3ADE5E43EE52 /* HoroscopeReadingGenerator.swift */; };
		12D27D68A4F93F0A52E880F1 /* ZodiacSign.swift in Sources */ = {isa = PBXBuildFile; fileRef = 788F217849F0BF22B0EDD023 /* ZodiacSign.swift */; };
		1DC5F1B36924C94D6896DCC5 /* Assets.xcassets in Resources */ = {isa = PBXBuildFile; fileRef = 237FDA44EB1C41090F090B7F /* Assets.xcassets */; };
		1ECDEDFEEFC5EB4AB911C6B8 /* BaziCalculatorTests.swift in Sources */ = {isa = PBXBuildFile; fileRef = 5502FC06C6A1E0F282CB6A67 /* BaziCalculatorTests.swift */; };
		25671B96FBDF6B67F51A8D91 /* HistoryTrajectoryBuilder.swift in Sources */ = {isa = PBXBuildFile; fileRef = 4EC2A6FD797677ED241C2BF9 /* HistoryTrajectoryBuilder.swift */; };
		25BFBFDE255C77D038385A98 /* HistoryView.swift in Sources */ = {isa = PBXBuildFile; fileRef = 4347205A8DA3BFB6186AA150 /* HistoryView.swift */; };
		2642F017F6C09085AF6CCC81 /* hidden_stems.json in Resources */ = {isa = PBXBuildFile; fileRef = A798AF76A099CC82554798B8 /* hidden_stems.json */; };
		26757E4E6C6009B5AE82E2BF /* FortunePocketApp.swift in Sources */ = {isa = PBXBuildFile; fileRef = 7C9231C8B72B388BB92DD8DF /* FortunePocketApp.swift */; };
		26D7DE9E6C4EF24F21164FD8 /* AppPreferences.swift in Sources */ = {isa = PBXBuildFile; fileRef = 43F00E5A575045ABEA2396D5 /* AppPreferences.swift */; };
		29F38273EB0105D91F00FB2C /* daily-quotes.json in Resources */ = {isa = PBXBuildFile; fileRef = DAC4163C8AFA086DC2A87014 /* daily-quotes.json */; };
		350BBE136EB4DE1BBD31EC85 /* BaziView.swift in Sources */ = {isa = PBXBuildFile; fileRef = 03445D770D9216409DF14573 /* BaziView.swift */; };
		3801106E859650B27E02DA41 /* TarotCard.swift in Sources */ = {isa = PBXBuildFile; fileRef = 21594DB2B24BB2806AEE7261 /* TarotCard.swift */; };
		41D828B64A7817D4E0B4BCCC /* BaziCalculator.swift in Sources */ = {isa = PBXBuildFile; fileRef = 7A0C8599A61DB30B6DC41C64 /* BaziCalculator.swift */; };
		505D474CF2D360D4638EBEDA /* BaziViewModel.swift in Sources */ = {isa = PBXBuildFile; fileRef = 23DDB5373D414F5B33EB5259 /* BaziViewModel.swift */; };
		50B51C60D2433641E3A4A95F /* AstrologyView.swift in Sources */ = {isa = PBXBuildFile; fileRef = 466EA1762D53A5E39D3358ED /* AstrologyView.swift */; };
		55FA7F051054EEAFD756206E /* AstrologyChart.swift in Sources */ = {isa = PBXBuildFile; fileRef = 844C12712EADE9474BB4A82B /* AstrologyChart.swift */; };
		5AFD05B863375592ADC62D00 /* TarotReadingGenerator.swift in Sources */ = {isa = PBXBuildFile; fileRef = 746C45590100CBADF9EC2106 /* TarotReadingGenerator.swift */; };
		5B4CCD23F71C6E526A1F97D3 /* ReadingPresentationBuilder.swift in Sources */ = {isa = PBXBuildFile; fileRef = B394FB896573BA43A92C4FE2 /* ReadingPresentationBuilder.swift */; };
		5BF8107B5EDA32B12DEA70D2 /* TarotView.swift in Sources */ = {isa = PBXBuildFile; fileRef = A52813E6B403F4F1C270DBB5 /* TarotView.swift */; };
		5C5BC45D421E650066EE1E7E /* AppColors.swift in Sources */ = {isa = PBXBuildFile; fileRef = AC40B6C03407D6544CEBA1C2 /* AppColors.swift */; };
		5F0353E1539C680DBC50791E /* DailyRitualModels.swift in Sources */ = {isa = PBXBuildFile; fileRef = 3603035CCF42B871FBAA4CBB /* DailyRitualModels.swift */; };
		5F8344F26643004B2B09E803 /* BaziTypes.swift in Sources */ = {isa = PBXBuildFile; fileRef = 22CB60184EB2375026A98A52 /* BaziTypes.swift */; };
		5FACF594D1BC26038F9C7A23 /* View+Theme.swift in Sources */ = {isa = PBXBuildFile; fileRef = 1EC0664551F415D34F01FF13 /* View+Theme.swift */; };
		634A3911F5AF14A0D22918B9 /* natal_chart_test_vectors.json in Resources */ = {isa = PBXBuildFile; fileRef = FB805092FFBE1D734CBA16B6 /* natal_chart_test_vectors.json */; };
		68CEBE525A302197B9AD2260 /* SettingsView.swift in Sources */ = {isa = PBXBuildFile; fileRef = 721F54998A1F5FA510B9F08D /* SettingsView.swift */; };
		6C5A6BC3DC1D38AB4A9AD6F8 /* ReadingRecord.swift in Sources */ = {isa = PBXBuildFile; fileRef = 45409C194598D8D2F914691B /* ReadingRecord.swift */; };
		7501D8D8118CEC0E7026D8AD /* cards.json in Resources */ = {isa = PBXBuildFile; fileRef = E7735F2056D396C9E33DD08A /* cards.json */; };
		7626CB31E117F59D12C8BA31 /* test_vectors.json in Resources */ = {isa = PBXBuildFile; fileRef = 5C35B5B40ABCAF391102EC08 /* test_vectors.json */; };
		76644CDCE3D25924DC6B0497 /* AppFonts.swift in Sources */ = {isa = PBXBuildFile; fileRef = D8F8218B083094CD2AD10C3C /* AppFonts.swift */; };
		772A2297AFAEDA7A1D0BEBE5 /* LocalNotificationScheduler.swift in Sources */ = {isa = PBXBuildFile; fileRef = 4C414E06A45DF5580CD88F06 /* LocalNotificationScheduler.swift */; };
		78A1558F46DC61C64F507CFA /* BaziReadingGenerator.swift in Sources */ = {isa = PBXBuildFile; fileRef = 6A442EED1D15423B10A85C27 /* BaziReadingGenerator.swift */; };
		7A414F55E4957675C5DD59E8 /* TarotCardView.swift in Sources */ = {isa = PBXBuildFile; fileRef = 5CADA64E2B91B665DC828906 /* TarotCardView.swift */; };
		7FED79BB3E840F619CB4D4F4 /* HomeView.swift in Sources */ = {isa = PBXBuildFile; fileRef = CBFB9672D3CF9AB265AA5C3E /* HomeView.swift */; };
		8782D52A454A36DDE7F79105 /* personality-templates.json in Resources */ = {isa = PBXBuildFile; fileRef = 5DF520AA065D3B2AAEA02BCF /* personality-templates.json */; };
		895950C5A2AB245B70B95A23 /* NotificationAppDelegate.swift in Sources */ = {isa = PBXBuildFile; fileRef = DEAD1B6F1117A42942C6E166 /* NotificationAppDelegate.swift */; };
		9356831BCBF6422CF5174DBA /* signs.json in Resources */ = {isa = PBXBuildFile; fileRef = 7451F1A159CE8346511A1297 /* signs.json */; };
		9DA6BD4279AF1A236EE21FF3 /* cities.json in Resources */ = {isa = PBXBuildFile; fileRef = 8BEBC37F7D06B325BF29F955 /* cities.json */; };
		9F7C95BC0E9D5462EFF34439 /* Localizable.strings in Resources */ = {isa = PBXBuildFile; fileRef = FCD9A223A7BA7C8787F964E5 /* Localizable.strings */; };
		9FB8CC8A5200CBBEB6636112 /* colors.json in Resources */ = {isa = PBXBuildFile; fileRef = 55E172C822F52AB936F73558 /* colors.json */; };
		A8D12D3870F7F904EC278378 /* ShareCardExporter.swift in Sources */ = {isa = PBXBuildFile; fileRef = CAA98D734E9C662158B8DB7B /* ShareCardExporter.swift */; };
		AC808FBBCEFA57B3D4634CF0 /* AstrologyViewModel.swift in Sources */ = {isa = PBXBuildFile; fileRef = B753252D57E922D088385968 /* AstrologyViewModel.swift */; };
		AD5977F2E19EDB8363818DEB /* reading-templates.json in Resources */ = {isa = PBXBuildFile; fileRef = 0F9787FE492F398D535CBA67 /* reading-templates.json */; };
		B1A39DAB39164269242D0C65 /* items.json in Resources */ = {isa = PBXBuildFile; fileRef = 3F4DB719757BD6C3713AF368 /* items.json */; };
		CC2F4E174587DBFDF84934FF /* TarotReadingGeneratorTests.swift in Sources */ = {isa = PBXBuildFile; fileRef = FEA5035F9255C30D6F458146 /* TarotReadingGeneratorTests.swift */; };
		CD75D0CECCB6285378A24C81 /* MysticalCalcOverlay.swift in Sources */ = {isa = PBXBuildFile; fileRef = 8F144E84255A9BC1DEF9E8B7 /* MysticalCalcOverlay.swift */; };
		CD797954F3F87F49D69B184D /* DailyRitualBuilder.swift in Sources */ = {isa = PBXBuildFile; fileRef = EA2F8A3BAD7C9CD4496AFD85 /* DailyRitualBuilder.swift */; };
		CE036D335E00E2BB16B91F53 /* HomeViewModel.swift in Sources */ = {isa = PBXBuildFile; fileRef = EDAF6146BBAAA419E9EC3867 /* HomeViewModel.swift */; };
		CE61C89DB7B44D65C577BC34 /* numbers.json in Resources */ = {isa = PBXBuildFile; fileRef = 0960969B051F1A6D25B884E9 /* numbers.json */; };
		D39CA7ED645F965623BBA77C /* AstrologyInsightBuilder.swift in Sources */ = {isa = PBXBuildFile; fileRef = 4FB2AFBCDFA9AD0B5E8487FB /* AstrologyInsightBuilder.swift */; };
		D614C18965BC485C377929AF /* spreads.json in Resources */ = {isa = PBXBuildFile; fileRef = 0AB91904FEA7A30850C6B577 /* spreads.json */; };
		D9AEBAFB9B5150868DFD198C /* TarotViewModel.swift in Sources */ = {isa = PBXBuildFile; fileRef = 3D4B9F522A3FEEE2270767C9 /* TarotViewModel.swift */; };
		E0D4F5A195E882A66CED7828 /* TarotResultView.swift in Sources */ = {isa = PBXBuildFile; fileRef = C89C9064E38A3B760911342E /* TarotResultView.swift */; };
		E1D2ED746E6992ECF5040DDB /* BaziModels.swift in Sources */ = {isa = PBXBuildFile; fileRef = 5A0C8C5541EC4B0A6021D25E /* BaziModels.swift */; };
		EE22FB6A834922BD222AC695 /* UserFacingError.swift in Sources */ = {isa = PBXBuildFile; fileRef = F6181BE57FFD8B31FF617490 /* UserFacingError.swift */; };
		F0927C83938FE7D27A88BEE8 /* daily-templates.json in Resources */ = {isa = PBXBuildFile; fileRef = BE11B91E0ADDB3E6C4ACA20E /* daily-templates.json */; };
		F20CA12E9E4E8120DA04581F /* stems.json in Resources */ = {isa = PBXBuildFile; fileRef = 11AAAA3F79E2E5B8D9F942E2 /* stems.json */; };
		F5152ACEF73BCC7B7A1CDF1D /* AstrologyChartCalculatorTests.swift in Sources */ = {isa = PBXBuildFile; fileRef = 97D8C5A69B7C6DC4EBB0BF72 /* AstrologyChartCalculatorTests.swift */; };
		F61E50C32A4A8A6CDCD0260A /* SolarTermsEngine.swift in Sources */ = {isa = PBXBuildFile; fileRef = B1EA2A3DD26CD7ED8A39BB5E /* SolarTermsEngine.swift */; };
		F65CE4508A014FC5E1A57C23 /* AstrologyChartCalculator.swift in Sources */ = {isa = PBXBuildFile; fileRef = AB73C3DC53554A578A4E7D20 /* AstrologyChartCalculator.swift */; };
		FB6FB6A0062F1E83E173F61A /* Date+Utility.swift in Sources */ = {isa = PBXBuildFile; fileRef = D7DAEE93834BB1AE947487A4 /* Date+Utility.swift */; };
		FB8E43AA7BA353080094AAE6 /* DailyRitualView.swift in Sources */ = {isa = PBXBuildFile; fileRef = 323E8CF4A5DAA090673D9D82 /* DailyRitualView.swift */; };
		FEC536BA71EFCB34D38ADFEE /* ContentView.swift in Sources */ = {isa = PBXBuildFile; fileRef = F41FC0A4077D310FDE4DAE75 /* ContentView.swift */; };
/* End PBXBuildFile section */

/* Begin PBXContainerItemProxy section */
		5C231BD8E86CF2594441E59F /* PBXContainerItemProxy */ = {
			isa = PBXContainerItemProxy;
			containerPortal = 520DBEAAE61D79FBDEDC2225 /* Project object */;
			proxyType = 1;
			remoteGlobalIDString = D1F438A7CD6408EB4A44857B;
			remoteInfo = PocketOracle;
		};
/* End PBXContainerItemProxy section */

/* Begin PBXFileReference section */
		03445D770D9216409DF14573 /* BaziView.swift */ = {isa = PBXFileReference; lastKnownFileType = sourcecode.swift; path = BaziView.swift; sourceTree = "<group>"; };
		0960969B051F1A6D25B884E9 /* numbers.json */ = {isa = PBXFileReference; lastKnownFileType = text.json; path = numbers.json; sourceTree = "<group>"; };
		0AB91904FEA7A30850C6B577 /* spreads.json */ = {isa = PBXFileReference; lastKnownFileType = text.json; path = spreads.json; sourceTree = "<group>"; };
		0F9787FE492F398D535CBA67 /* reading-templates.json */ = {isa = PBXFileReference; lastKnownFileType = text.json; path = "reading-templates.json"; sourceTree = "<group>"; };
		11AAAA3F79E2E5B8D9F942E2 /* stems.json */ = {isa = PBXFileReference; lastKnownFileType = text.json; path = stems.json; sourceTree = "<group>"; };
		1EC0664551F415D34F01FF13 /* View+Theme.swift */ = {isa = PBXFileReference; lastKnownFileType = sourcecode.swift; path = "View+Theme.swift"; sourceTree = "<group>"; };
		21594DB2B24BB2806AEE7261 /* TarotCard.swift */ = {isa = PBXFileReference; lastKnownFileType = sourcecode.swift; path = TarotCard.swift; sourceTree = "<group>"; };
		22CB60184EB2375026A98A52 /* BaziTypes.swift */ = {isa = PBXFileReference; lastKnownFileType = sourcecode.swift; path = BaziTypes.swift; sourceTree = "<group>"; };
		237FDA44EB1C41090F090B7F /* Assets.xcassets */ = {isa = PBXFileReference; lastKnownFileType = folder.assetcatalog; path = Assets.xcassets; sourceTree = "<group>"; };
		23DDB5373D414F5B33EB5259 /* BaziViewModel.swift */ = {isa = PBXFileReference; lastKnownFileType = sourcecode.swift; path = BaziViewModel.swift; sourceTree = "<group>"; };
		323E8CF4A5DAA090673D9D82 /* DailyRitualView.swift */ = {isa = PBXFileReference; lastKnownFileType = sourcecode.swift; path = DailyRitualView.swift; sourceTree = "<group>"; };
		3603035CCF42B871FBAA4CBB /* DailyRitualModels.swift */ = {isa = PBXFileReference; lastKnownFileType = sourcecode.swift; path = DailyRitualModels.swift; sourceTree = "<group>"; };
		3D4B9F522A3FEEE2270767C9 /* TarotViewModel.swift */ = {isa = PBXFileReference; lastKnownFileType = sourcecode.swift; path = TarotViewModel.swift; sourceTree = "<group>"; };
		3F4DB719757BD6C3713AF368 /* items.json */ = {isa = PBXFileReference; lastKnownFileType = text.json; path = items.json; sourceTree = "<group>"; };
		4347205A8DA3BFB6186AA150 /* HistoryView.swift */ = {isa = PBXFileReference; lastKnownFileType = sourcecode.swift; path = HistoryView.swift; sourceTree = "<group>"; };
		43F00E5A575045ABEA2396D5 /* AppPreferences.swift */ = {isa = PBXFileReference; lastKnownFileType = sourcecode.swift; path = AppPreferences.swift; sourceTree = "<group>"; };
		45409C194598D8D2F914691B /* ReadingRecord.swift */ = {isa = PBXFileReference; lastKnownFileType = sourcecode.swift; path = ReadingRecord.swift; sourceTree = "<group>"; };
		466EA1762D53A5E39D3358ED /* AstrologyView.swift */ = {isa = PBXFileReference; lastKnownFileType = sourcecode.swift; path = AstrologyView.swift; sourceTree = "<group>"; };
		4C414E06A45DF5580CD88F06 /* LocalNotificationScheduler.swift */ = {isa = PBXFileReference; lastKnownFileType = sourcecode.swift; path = LocalNotificationScheduler.swift; sourceTree = "<group>"; };
		4EC2A6FD797677ED241C2BF9 /* HistoryTrajectoryBuilder.swift */ = {isa = PBXFileReference; lastKnownFileType = sourcecode.swift; path = HistoryTrajectoryBuilder.swift; sourceTree = "<group>"; };
		4FB2AFBCDFA9AD0B5E8487FB /* AstrologyInsightBuilder.swift */ = {isa = PBXFileReference; lastKnownFileType = sourcecode.swift; path = AstrologyInsightBuilder.swift; sourceTree = "<group>"; };
		5502FC06C6A1E0F282CB6A67 /* BaziCalculatorTests.swift */ = {isa = PBXFileReference; lastKnownFileType = sourcecode.swift; path = BaziCalculatorTests.swift; sourceTree = "<group>"; };
		55E172C822F52AB936F73558 /* colors.json */ = {isa = PBXFileReference; lastKnownFileType = text.json; path = colors.json; sourceTree = "<group>"; };
		56B2F3698FBDCCD61B9B996E /* zh-Hans */ = {isa = PBXFileReference; lastKnownFileType = text.plist.strings; name = "zh-Hans"; path = "zh-Hans.lproj/Localizable.strings"; sourceTree = "<group>"; };
		5A0C8C5541EC4B0A6021D25E /* BaziModels.swift */ = {isa = PBXFileReference; lastKnownFileType = sourcecode.swift; path = BaziModels.swift; sourceTree = "<group>"; };
		5C35B5B40ABCAF391102EC08 /* test_vectors.json */ = {isa = PBXFileReference; lastKnownFileType = text.json; path = test_vectors.json; sourceTree = "<group>"; };
		5CADA64E2B91B665DC828906 /* TarotCardView.swift */ = {isa = PBXFileReference; lastKnownFileType = sourcecode.swift; path = TarotCardView.swift; sourceTree = "<group>"; };
		5DF520AA065D3B2AAEA02BCF /* personality-templates.json */ = {isa = PBXFileReference; lastKnownFileType = text.json; path = "personality-templates.json"; sourceTree = "<group>"; };
		6A442EED1D15423B10A85C27 /* BaziReadingGenerator.swift */ = {isa = PBXFileReference; lastKnownFileType = sourcecode.swift; path = BaziReadingGenerator.swift; sourceTree = "<group>"; };
		721F54998A1F5FA510B9F08D /* SettingsView.swift */ = {isa = PBXFileReference; lastKnownFileType = sourcecode.swift; path = SettingsView.swift; sourceTree = "<group>"; };
		7451F1A159CE8346511A1297 /* signs.json */ = {isa = PBXFileReference; lastKnownFileType = text.json; path = signs.json; sourceTree = "<group>"; };
		746C45590100CBADF9EC2106 /* TarotReadingGenerator.swift */ = {isa = PBXFileReference; lastKnownFileType = sourcecode.swift; path = TarotReadingGenerator.swift; sourceTree = "<group>"; };
		788F217849F0BF22B0EDD023 /* ZodiacSign.swift */ = {isa = PBXFileReference; lastKnownFileType = sourcecode.swift; path = ZodiacSign.swift; sourceTree = "<group>"; };
		796D798A601D273D9C93410B /* en */ = {isa = PBXFileReference; lastKnownFileType = text.plist.strings; name = en; path = en.lproj/Localizable.strings; sourceTree = "<group>"; };
		7A0C8599A61DB30B6DC41C64 /* BaziCalculator.swift */ = {isa = PBXFileReference; lastKnownFileType = sourcecode.swift; path = BaziCalculator.swift; sourceTree = "<group>"; };
		7C9231C8B72B388BB92DD8DF /* FortunePocketApp.swift */ = {isa = PBXFileReference; lastKnownFileType = sourcecode.swift; path = FortunePocketApp.swift; sourceTree = "<group>"; };
		844C12712EADE9474BB4A82B /* AstrologyChart.swift */ = {isa = PBXFileReference; lastKnownFileType = sourcecode.swift; path = AstrologyChart.swift; sourceTree = "<group>"; };
		8BEBC37F7D06B325BF29F955 /* cities.json */ = {isa = PBXFileReference; lastKnownFileType = text.json; path = cities.json; sourceTree = "<group>"; };
		8F144E84255A9BC1DEF9E8B7 /* MysticalCalcOverlay.swift */ = {isa = PBXFileReference; lastKnownFileType = sourcecode.swift; path = MysticalCalcOverlay.swift; sourceTree = "<group>"; };
		97D8C5A69B7C6DC4EBB0BF72 /* AstrologyChartCalculatorTests.swift */ = {isa = PBXFileReference; lastKnownFileType = sourcecode.swift; path = AstrologyChartCalculatorTests.swift; sourceTree = "<group>"; };
		A28CD7046EBA3ADE5E43EE52 /* HoroscopeReadingGenerator.swift */ = {isa = PBXFileReference; lastKnownFileType = sourcecode.swift; path = HoroscopeReadingGenerator.swift; sourceTree = "<group>"; };
		A52813E6B403F4F1C270DBB5 /* TarotView.swift */ = {isa = PBXFileReference; lastKnownFileType = sourcecode.swift; path = TarotView.swift; sourceTree = "<group>"; };
		A798AF76A099CC82554798B8 /* hidden_stems.json */ = {isa = PBXFileReference; lastKnownFileType = text.json; path = hidden_stems.json; sourceTree = "<group>"; };
		AB12FF401FCC10C2C2CE4099 /* PocketOracleTests.xctest */ = {isa = PBXFileReference; includeInIndex = 0; lastKnownFileType = wrapper.cfbundle; path = PocketOracleTests.xctest; sourceTree = BUILT_PRODUCTS_DIR; };
		AB73C3DC53554A578A4E7D20 /* AstrologyChartCalculator.swift */ = {isa = PBXFileReference; lastKnownFileType = sourcecode.swift; path = AstrologyChartCalculator.swift; sourceTree = "<group>"; };
		AC40B6C03407D6544CEBA1C2 /* AppColors.swift */ = {isa = PBXFileReference; lastKnownFileType = sourcecode.swift; path = AppColors.swift; sourceTree = "<group>"; };
		AD6B4B118D1307D6E80F1D16 /* PocketOracle.app */ = {isa = PBXFileReference; explicitFileType = wrapper.application; includeInIndex = 0; path = PocketOracle.app; sourceTree = BUILT_PRODUCTS_DIR; };
		B1EA2A3DD26CD7ED8A39BB5E /* SolarTermsEngine.swift */ = {isa = PBXFileReference; lastKnownFileType = sourcecode.swift; path = SolarTermsEngine.swift; sourceTree = "<group>"; };
		B394FB896573BA43A92C4FE2 /* ReadingPresentationBuilder.swift */ = {isa = PBXFileReference; lastKnownFileType = sourcecode.swift; path = ReadingPresentationBuilder.swift; sourceTree = "<group>"; };
		B753252D57E922D088385968 /* AstrologyViewModel.swift */ = {isa = PBXFileReference; lastKnownFileType = sourcecode.swift; path = AstrologyViewModel.swift; sourceTree = "<group>"; };
		BCDAE8F4368DD6A0DD7E1044 /* LocalSigning.xcconfig */ = {isa = PBXFileReference; lastKnownFileType = text.xcconfig; path = LocalSigning.xcconfig; sourceTree = "<group>"; };
		BE11B91E0ADDB3E6C4ACA20E /* daily-templates.json */ = {isa = PBXFileReference; lastKnownFileType = text.json; path = "daily-templates.json"; sourceTree = "<group>"; };
		C89C9064E38A3B760911342E /* TarotResultView.swift */ = {isa = PBXFileReference; lastKnownFileType = sourcecode.swift; path = TarotResultView.swift; sourceTree = "<group>"; };
		CAA98D734E9C662158B8DB7B /* ShareCardExporter.swift */ = {isa = PBXFileReference; lastKnownFileType = sourcecode.swift; path = ShareCardExporter.swift; sourceTree = "<group>"; };
		CBFB9672D3CF9AB265AA5C3E /* HomeView.swift */ = {isa = PBXFileReference; lastKnownFileType = sourcecode.swift; path = HomeView.swift; sourceTree = "<group>"; };
		D7DAEE93834BB1AE947487A4 /* Date+Utility.swift */ = {isa = PBXFileReference; lastKnownFileType = sourcecode.swift; path = "Date+Utility.swift"; sourceTree = "<group>"; };
		D8F8218B083094CD2AD10C3C /* AppFonts.swift */ = {isa = PBXFileReference; lastKnownFileType = sourcecode.swift; path = AppFonts.swift; sourceTree = "<group>"; };
		DAC4163C8AFA086DC2A87014 /* daily-quotes.json */ = {isa = PBXFileReference; lastKnownFileType = text.json; path = "daily-quotes.json"; sourceTree = "<group>"; };
		DEAD1B6F1117A42942C6E166 /* NotificationAppDelegate.swift */ = {isa = PBXFileReference; lastKnownFileType = sourcecode.swift; path = NotificationAppDelegate.swift; sourceTree = "<group>"; };
		E60EE95D29BAA3382D83B21A /* branches.json */ = {isa = PBXFileReference; lastKnownFileType = text.json; path = branches.json; sourceTree = "<group>"; };
		E7735F2056D396C9E33DD08A /* cards.json */ = {isa = PBXFileReference; lastKnownFileType = text.json; path = cards.json; sourceTree = "<group>"; };
		EA2F8A3BAD7C9CD4496AFD85 /* DailyRitualBuilder.swift */ = {isa = PBXFileReference; lastKnownFileType = sourcecode.swift; path = DailyRitualBuilder.swift; sourceTree = "<group>"; };
		EDAF6146BBAAA419E9EC3867 /* HomeViewModel.swift */ = {isa = PBXFileReference; lastKnownFileType = sourcecode.swift; path = HomeViewModel.swift; sourceTree = "<group>"; };
		F41FC0A4077D310FDE4DAE75 /* ContentView.swift */ = {isa = PBXFileReference; lastKnownFileType = sourcecode.swift; path = ContentView.swift; sourceTree = "<group>"; };
		F6181BE57FFD8B31FF617490 /* UserFacingError.swift */ = {isa = PBXFileReference; lastKnownFileType = sourcecode.swift; path = UserFacingError.swift; sourceTree = "<group>"; };
		FB805092FFBE1D734CBA16B6 /* natal_chart_test_vectors.json */ = {isa = PBXFileReference; lastKnownFileType = text.json; path = natal_chart_test_vectors.json; sourceTree = "<group>"; };
		FCA785AA4706B6296130A2C3 /* ContentLoader.swift */ = {isa = PBXFileReference; lastKnownFileType = sourcecode.swift; path = ContentLoader.swift; sourceTree = "<group>"; };
		FEA5035F9255C30D6F458146 /* TarotReadingGeneratorTests.swift */ = {isa = PBXFileReference; lastKnownFileType = sourcecode.swift; path = TarotReadingGeneratorTests.swift; sourceTree = "<group>"; };
/* End PBXFileReference section */

/* Begin PBXGroup section */
		1375357E26D446204E241B6A /* Tarot */ = {
			isa = PBXGroup;
			children = (
				C89C9064E38A3B760911342E /* TarotResultView.swift */,
				A52813E6B403F4F1C270DBB5 /* TarotView.swift */,
				3D4B9F522A3FEEE2270767C9 /* TarotViewModel.swift */,
				DFEC6810A0CC451F0C7585E3 /* Components */,
			);
			path = Tarot;
			sourceTree = "<group>";
		};
		1387C400D2B59267E0E8E7C2 /* lucky */ = {
			isa = PBXGroup;
			children = (
				55E172C822F52AB936F73558 /* colors.json */,
				3F4DB719757BD6C3713AF368 /* items.json */,
				0960969B051F1A6D25B884E9 /* numbers.json */,
			);
			path = lucky;
			sourceTree = "<group>";
		};
		1881A45E03D038B3705FAD71 /* App */ = {
			isa = PBXGroup;
			children = (
				F41FC0A4077D310FDE4DAE75 /* ContentView.swift */,
				7C9231C8B72B388BB92DD8DF /* FortunePocketApp.swift */,
			);
			path = App;
			sourceTree = "<group>";
		};
		33A3293BA98DA4B932139A04 /* Extensions */ = {
			isa = PBXGroup;
			children = (
				D7DAEE93834BB1AE947487A4 /* Date+Utility.swift */,
				1EC0664551F415D34F01FF13 /* View+Theme.swift */,
			);
			path = Extensions;
			sourceTree = "<group>";
		};
		34717909B5F49BC513FC8A1E /* AstrologyEngine */ = {
			isa = PBXGroup;
			children = (
				AB73C3DC53554A578A4E7D20 /* AstrologyChartCalculator.swift */,
			);
			path = AstrologyEngine;
			sourceTree = "<group>";
		};
		521C724824B60CB5FBE88566 /* SharedContent */ = {
			isa = PBXGroup;
			children = (
				FCA785AA4706B6296130A2C3 /* ContentLoader.swift */,
			);
			path = SharedContent;
			sourceTree = "<group>";
		};
		57728DB3C2A3E8E229D6177E /* PocketOracle */ = {
			isa = PBXGroup;
			children = (
				1881A45E03D038B3705FAD71 /* App */,
				F31A659B656781075178A8D6 /* Core */,
				AB635F47EB212B03C31C4554 /* Features */,
				B4FB241E585F41A1DAE74A73 /* Models */,
				FA20AACD745963A369B5E067 /* Resources */,
				521C724824B60CB5FBE88566 /* SharedContent */,
			);
			path = PocketOracle;
			sourceTree = "<group>";
		};
		5AEA6BF4AA4CA470C8104F4C /* Home */ = {
			isa = PBXGroup;
			children = (
				EA2F8A3BAD7C9CD4496AFD85 /* DailyRitualBuilder.swift */,
				3603035CCF42B871FBAA4CBB /* DailyRitualModels.swift */,
				323E8CF4A5DAA090673D9D82 /* DailyRitualView.swift */,
				CBFB9672D3CF9AB265AA5C3E /* HomeView.swift */,
				EDAF6146BBAAA419E9EC3867 /* HomeViewModel.swift */,
			);
			path = Home;
			sourceTree = "<group>";
		};
		714F64C9CF90590776234D24 /* Notifications */ = {
			isa = PBXGroup;
			children = (
				4C414E06A45DF5580CD88F06 /* LocalNotificationScheduler.swift */,
				DEAD1B6F1117A42942C6E166 /* NotificationAppDelegate.swift */,
			);
			path = Notifications;
			sourceTree = "<group>";
		};
		76B150472AF33EB9CFA0197C /* Share */ = {
			isa = PBXGroup;
			children = (
				CAA98D734E9C662158B8DB7B /* ShareCardExporter.swift */,
			);
			path = Share;
			sourceTree = "<group>";
		};
		793FA6CACE2560CB037A7238 /* Products */ = {
			isa = PBXGroup;
			children = (
				AD6B4B118D1307D6E80F1D16 /* PocketOracle.app */,
				AB12FF401FCC10C2C2CE4099 /* PocketOracleTests.xctest */,
			);
			name = Products;
			sourceTree = "<group>";
		};
		7FBE6A6600D2525A712BF26E /* Views */ = {
			isa = PBXGroup;
			children = (
				8F144E84255A9BC1DEF9E8B7 /* MysticalCalcOverlay.swift */,
			);
			path = Views;
			sourceTree = "<group>";
		};
		9113489DBECD9D32AC474170 /* Bazi */ = {
			isa = PBXGroup;
			children = (
				03445D770D9216409DF14573 /* BaziView.swift */,
				23DDB5373D414F5B33EB5259 /* BaziViewModel.swift */,
			);
			path = Bazi;
			sourceTree = "<group>";
		};
		93872A5F45D87714DBCEB754 = {
			isa = PBXGroup;
			children = (
				F09F2386CB9E457BE4096119 /* Configs */,
				57728DB3C2A3E8E229D6177E /* PocketOracle */,
				EE51A11DF950CFA08559A92B /* PocketOracleTests */,
				793FA6CACE2560CB037A7238 /* Products */,
			);
			sourceTree = "<group>";
		};
		A2B22720D9D6AFFDE2AE41BB /* astrology */ = {
			isa = PBXGroup;
			children = (
				BE11B91E0ADDB3E6C4ACA20E /* daily-templates.json */,
				FB805092FFBE1D734CBA16B6 /* natal_chart_test_vectors.json */,
				7451F1A159CE8346511A1297 /* signs.json */,
			);
			path = astrology;
			sourceTree = "<group>";
		};
		A8F842CF53F0777DA52E1DCC /* Preferences */ = {
			isa = PBXGroup;
			children = (
				43F00E5A575045ABEA2396D5 /* AppPreferences.swift */,
			);
			path = Preferences;
			sourceTree = "<group>";
		};
		AB635F47EB212B03C31C4554 /* Features */ = {
			isa = PBXGroup;
			children = (
				F9B1459F253C7A79A2AFC69D /* Astrology */,
				9113489DBECD9D32AC474170 /* Bazi */,
				AC1A5088BE30773AB0EEC6E7 /* History */,
				5AEA6BF4AA4CA470C8104F4C /* Home */,
				FA2CCD1F184ACDFDC9537398 /* Settings */,
				1375357E26D446204E241B6A /* Tarot */,
			);
			path = Features;
			sourceTree = "<group>";
		};
		AC1A5088BE30773AB0EEC6E7 /* History */ = {
			isa = PBXGroup;
			children = (
				4347205A8DA3BFB6186AA150 /* HistoryView.swift */,
			);
			path = History;
			sourceTree = "<group>";
		};
		AC9D49675707DA662FC3E0EF /* BaziEngine */ = {
			isa = PBXGroup;
			children = (
				7A0C8599A61DB30B6DC41C64 /* BaziCalculator.swift */,
				22CB60184EB2375026A98A52 /* BaziTypes.swift */,
				B1EA2A3DD26CD7ED8A39BB5E /* SolarTermsEngine.swift */,
			);
			path = BaziEngine;
			sourceTree = "<group>";
		};
		B0F6A92355975B29D68DFB30 /* data */ = {
			isa = PBXGroup;
			children = (
				A2B22720D9D6AFFDE2AE41BB /* astrology */,
				DF48727A230AA44BECC87C42 /* bazi */,
				1387C400D2B59267E0E8E7C2 /* lucky */,
				C1F05465ECEFCA4C45E3A53A /* quotes */,
				B407C6DC4DC835D0A3631DAE /* tarot */,
			);
			path = data;
			sourceTree = "<group>";
		};
		B407C6DC4DC835D0A3631DAE /* tarot */ = {
			isa = PBXGroup;
			children = (
				E7735F2056D396C9E33DD08A /* cards.json */,
				0F9787FE492F398D535CBA67 /* reading-templates.json */,
				0AB91904FEA7A30850C6B577 /* spreads.json */,
			);
			path = tarot;
			sourceTree = "<group>";
		};
		B4FB241E585F41A1DAE74A73 /* Models */ = {
			isa = PBXGroup;
			children = (
				844C12712EADE9474BB4A82B /* AstrologyChart.swift */,
				5A0C8C5541EC4B0A6021D25E /* BaziModels.swift */,
				45409C194598D8D2F914691B /* ReadingRecord.swift */,
				21594DB2B24BB2806AEE7261 /* TarotCard.swift */,
				788F217849F0BF22B0EDD023 /* ZodiacSign.swift */,
			);
			path = Models;
			sourceTree = "<group>";
		};
		BA31E1ADC94C045FE4C5F904 /* Services */ = {
			isa = PBXGroup;
			children = (
				4FB2AFBCDFA9AD0B5E8487FB /* AstrologyInsightBuilder.swift */,
				6A442EED1D15423B10A85C27 /* BaziReadingGenerator.swift */,
				4EC2A6FD797677ED241C2BF9 /* HistoryTrajectoryBuilder.swift */,
				A28CD7046EBA3ADE5E43EE52 /* HoroscopeReadingGenerator.swift */,
				B394FB896573BA43A92C4FE2 /* ReadingPresentationBuilder.swift */,
				746C45590100CBADF9EC2106 /* TarotReadingGenerator.swift */,
				34717909B5F49BC513FC8A1E /* AstrologyEngine */,
				AC9D49675707DA662FC3E0EF /* BaziEngine */,
			);
			path = Services;
			sourceTree = "<group>";
		};
		C1F05465ECEFCA4C45E3A53A /* quotes */ = {
			isa = PBXGroup;
			children = (
				DAC4163C8AFA086DC2A87014 /* daily-quotes.json */,
			);
			path = quotes;
			sourceTree = "<group>";
		};
		C4A378D8F11FCF36492BF06C /* Errors */ = {
			isa = PBXGroup;
			children = (
				F6181BE57FFD8B31FF617490 /* UserFacingError.swift */,
			);
			path = Errors;
			sourceTree = "<group>";
		};
		DF48727A230AA44BECC87C42 /* bazi */ = {
			isa = PBXGroup;
			children = (
				E60EE95D29BAA3382D83B21A /* branches.json */,
				8BEBC37F7D06B325BF29F955 /* cities.json */,
				A798AF76A099CC82554798B8 /* hidden_stems.json */,
				5DF520AA065D3B2AAEA02BCF /* personality-templates.json */,
				11AAAA3F79E2E5B8D9F942E2 /* stems.json */,
				5C35B5B40ABCAF391102EC08 /* test_vectors.json */,
			);
			path = bazi;
			sourceTree = "<group>";
		};
		DFEC6810A0CC451F0C7585E3 /* Components */ = {
			isa = PBXGroup;
			children = (
				5CADA64E2B91B665DC828906 /* TarotCardView.swift */,
			);
			path = Components;
			sourceTree = "<group>";
		};
		E83680583EC9BAE23BA4DF75 /* Theme */ = {
			isa = PBXGroup;
			children = (
				AC40B6C03407D6544CEBA1C2 /* AppColors.swift */,
				D8F8218B083094CD2AD10C3C /* AppFonts.swift */,
			);
			path = Theme;
			sourceTree = "<group>";
		};
		EE51A11DF950CFA08559A92B /* PocketOracleTests */ = {
			isa = PBXGroup;
			children = (
				97D8C5A69B7C6DC4EBB0BF72 /* AstrologyChartCalculatorTests.swift */,
				5502FC06C6A1E0F282CB6A67 /* BaziCalculatorTests.swift */,
				FEA5035F9255C30D6F458146 /* TarotReadingGeneratorTests.swift */,
			);
			path = PocketOracleTests;
			sourceTree = "<group>";
		};
		F09F2386CB9E457BE4096119 /* Configs */ = {
			isa = PBXGroup;
			children = (
				BCDAE8F4368DD6A0DD7E1044 /* LocalSigning.xcconfig */,
			);
			path = Configs;
			sourceTree = "<group>";
		};
		F31A659B656781075178A8D6 /* Core */ = {
			isa = PBXGroup;
			children = (
				C4A378D8F11FCF36492BF06C /* Errors */,
				33A3293BA98DA4B932139A04 /* Extensions */,
				714F64C9CF90590776234D24 /* Notifications */,
				A8F842CF53F0777DA52E1DCC /* Preferences */,
				BA31E1ADC94C045FE4C5F904 /* Services */,
				76B150472AF33EB9CFA0197C /* Share */,
				E83680583EC9BAE23BA4DF75 /* Theme */,
				7FBE6A6600D2525A712BF26E /* Views */,
			);
			path = Core;
			sourceTree = "<group>";
		};
		F9B1459F253C7A79A2AFC69D /* Astrology */ = {
			isa = PBXGroup;
			children = (
				466EA1762D53A5E39D3358ED /* AstrologyView.swift */,
				B753252D57E922D088385968 /* AstrologyViewModel.swift */,
			);
			path = Astrology;
			sourceTree = "<group>";
		};
		FA20AACD745963A369B5E067 /* Resources */ = {
			isa = PBXGroup;
			children = (
				237FDA44EB1C41090F090B7F /* Assets.xcassets */,
				B0F6A92355975B29D68DFB30 /* data */,
				FCD9A223A7BA7C8787F964E5 /* Localizable.strings */,
			);
			path = Resources;
			sourceTree = "<group>";
		};
		FA2CCD1F184ACDFDC9537398 /* Settings */ = {
			isa = PBXGroup;
			children = (
				721F54998A1F5FA510B9F08D /* SettingsView.swift */,
			);
			path = Settings;
			sourceTree = "<group>";
		};
/* End PBXGroup section */

/* Begin PBXNativeTarget section */
		9A14F32EF75B69D85AC643C9 /* PocketOracleTests */ = {
			isa = PBXNativeTarget;
			buildConfigurationList = 1341A2093509C4D4182A390D /* Build configuration list for PBXNativeTarget "PocketOracleTests" */;
			buildPhases = (
				303435299172EA41379AB413 /* Sources */,
			);
			buildRules = (
			);
			dependencies = (
				A1744A2FF7AF661FBC56E138 /* PBXTargetDependency */,
			);
			name = PocketOracleTests;
			packageProductDependencies = (
			);
			productName = PocketOracleTests;
			productReference = AB12FF401FCC10C2C2CE4099 /* PocketOracleTests.xctest */;
			productType = "com.apple.product-type.bundle.unit-test";
		};
		D1F438A7CD6408EB4A44857B /* PocketOracle */ = {
			isa = PBXNativeTarget;
			buildConfigurationList = F017072B77EDF9607AD4135E /* Build configuration list for PBXNativeTarget "PocketOracle" */;
			buildPhases = (
				33BB499345A740FD2C30FEC3 /* Sources */,
				087068B25F7427BEB42D22FE /* Resources */,
			);
			buildRules = (
			);
			dependencies = (
			);
			name = PocketOracle;
			packageProductDependencies = (
			);
			productName = PocketOracle;
			productReference = AD6B4B118D1307D6E80F1D16 /* PocketOracle.app */;
			productType = "com.apple.product-type.application";
		};
/* End PBXNativeTarget section */

/* Begin PBXProject section */
		520DBEAAE61D79FBDEDC2225 /* Project object */ = {
			isa = PBXProject;
			attributes = {
				BuildIndependentTargetsInParallel = YES;
				LastUpgradeCheck = 1500;
				TargetAttributes = {
					D1F438A7CD6408EB4A44857B = {
						ProvisioningStyle = Automatic;
					};
				};
			};
			buildConfigurationList = 82848804FCBD9614AC46A776 /* Build configuration list for PBXProject "PocketOracle" */;
			developmentRegion = en;
			hasScannedForEncodings = 0;
			knownRegions = (
				Base,
				en,
				"zh-Hans",
			);
			mainGroup = 93872A5F45D87714DBCEB754;
			minimizedProjectReferenceProxies = 1;
			preferredProjectObjectVersion = 77;
			productRefGroup = 793FA6CACE2560CB037A7238 /* Products */;
			projectDirPath = "";
			projectRoot = "";
			targets = (
				D1F438A7CD6408EB4A44857B /* PocketOracle */,
				9A14F32EF75B69D85AC643C9 /* PocketOracleTests */,
			);
		};
/* End PBXProject section */

/* Begin PBXResourcesBuildPhase section */
		087068B25F7427BEB42D22FE /* Resources */ = {
			isa = PBXResourcesBuildPhase;
			buildActionMask = 2147483647;
			files = (
				1DC5F1B36924C94D6896DCC5 /* Assets.xcassets in Resources */,
				9F7C95BC0E9D5462EFF34439 /* Localizable.strings in Resources */,
				0B87731B976A2A4974F1891C /* branches.json in Resources */,
				7501D8D8118CEC0E7026D8AD /* cards.json in Resources */,
				9DA6BD4279AF1A236EE21FF3 /* cities.json in Resources */,
				9FB8CC8A5200CBBEB6636112 /* colors.json in Resources */,
				29F38273EB0105D91F00FB2C /* daily-quotes.json in Resources */,
				F0927C83938FE7D27A88BEE8 /* daily-templates.json in Resources */,
				2642F017F6C09085AF6CCC81 /* hidden_stems.json in Resources */,
				B1A39DAB39164269242D0C65 /* items.json in Resources */,
				634A3911F5AF14A0D22918B9 /* natal_chart_test_vectors.json in Resources */,
				CE61C89DB7B44D65C577BC34 /* numbers.json in Resources */,
				8782D52A454A36DDE7F79105 /* personality-templates.json in Resources */,
				AD5977F2E19EDB8363818DEB /* reading-templates.json in Resources */,
				9356831BCBF6422CF5174DBA /* signs.json in Resources */,
				D614C18965BC485C377929AF /* spreads.json in Resources */,
				F20CA12E9E4E8120DA04581F /* stems.json in Resources */,
				7626CB31E117F59D12C8BA31 /* test_vectors.json in Resources */,
			);
			runOnlyForDeploymentPostprocessing = 0;
		};
/* End PBXResourcesBuildPhase section */

/* Begin PBXSourcesBuildPhase section */
		303435299172EA41379AB413 /* Sources */ = {
			isa = PBXSourcesBuildPhase;
			buildActionMask = 2147483647;
			files = (
				F5152ACEF73BCC7B7A1CDF1D /* AstrologyChartCalculatorTests.swift in Sources */,
				1ECDEDFEEFC5EB4AB911C6B8 /* BaziCalculatorTests.swift in Sources */,
				CC2F4E174587DBFDF84934FF /* TarotReadingGeneratorTests.swift in Sources */,
			);
			runOnlyForDeploymentPostprocessing = 0;
		};
		33BB499345A740FD2C30FEC3 /* Sources */ = {
			isa = PBXSourcesBuildPhase;
			buildActionMask = 2147483647;
			files = (
				5C5BC45D421E650066EE1E7E /* AppColors.swift in Sources */,
				76644CDCE3D25924DC6B0497 /* AppFonts.swift in Sources */,
				26D7DE9E6C4EF24F21164FD8 /* AppPreferences.swift in Sources */,
				55FA7F051054EEAFD756206E /* AstrologyChart.swift in Sources */,
				F65CE4508A014FC5E1A57C23 /* AstrologyChartCalculator.swift in Sources */,
				D39CA7ED645F965623BBA77C /* AstrologyInsightBuilder.swift in Sources */,
				50B51C60D2433641E3A4A95F /* AstrologyView.swift in Sources */,
				AC808FBBCEFA57B3D4634CF0 /* AstrologyViewModel.swift in Sources */,
				41D828B64A7817D4E0B4BCCC /* BaziCalculator.swift in Sources */,
				E1D2ED746E6992ECF5040DDB /* BaziModels.swift in Sources */,
				78A1558F46DC61C64F507CFA /* BaziReadingGenerator.swift in Sources */,
				5F8344F26643004B2B09E803 /* BaziTypes.swift in Sources */,
				350BBE136EB4DE1BBD31EC85 /* BaziView.swift in Sources */,
				505D474CF2D360D4638EBEDA /* BaziViewModel.swift in Sources */,
				0DE0F10CC36FCECF0DCE8511 /* ContentLoader.swift in Sources */,
				FEC536BA71EFCB34D38ADFEE /* ContentView.swift in Sources */,
				CD797954F3F87F49D69B184D /* DailyRitualBuilder.swift in Sources */,
				5F0353E1539C680DBC50791E /* DailyRitualModels.swift in Sources */,
				FB8E43AA7BA353080094AAE6 /* DailyRitualView.swift in Sources */,
				FB6FB6A0062F1E83E173F61A /* Date+Utility.swift in Sources */,
				26757E4E6C6009B5AE82E2BF /* FortunePocketApp.swift in Sources */,
				25671B96FBDF6B67F51A8D91 /* HistoryTrajectoryBuilder.swift in Sources */,
				25BFBFDE255C77D038385A98 /* HistoryView.swift in Sources */,
				7FED79BB3E840F619CB4D4F4 /* HomeView.swift in Sources */,
				CE036D335E00E2BB16B91F53 /* HomeViewModel.swift in Sources */,
				11D2AD36D20EF066E453DF9A /* HoroscopeReadingGenerator.swift in Sources */,
				772A2297AFAEDA7A1D0BEBE5 /* LocalNotificationScheduler.swift in Sources */,
				CD75D0CECCB6285378A24C81 /* MysticalCalcOverlay.swift in Sources */,
				895950C5A2AB245B70B95A23 /* NotificationAppDelegate.swift in Sources */,
				5B4CCD23F71C6E526A1F97D3 /* ReadingPresentationBuilder.swift in Sources */,
				6C5A6BC3DC1D38AB4A9AD6F8 /* ReadingRecord.swift in Sources */,
				68CEBE525A302197B9AD2260 /* SettingsView.swift in Sources */,
				A8D12D3870F7F904EC278378 /* ShareCardExporter.swift in Sources */,
				F61E50C32A4A8A6CDCD0260A /* SolarTermsEngine.swift in Sources */,
				3801106E859650B27E02DA41 /* TarotCard.swift in Sources */,
				7A414F55E4957675C5DD59E8 /* TarotCardView.swift in Sources */,
				5AFD05B863375592ADC62D00 /* TarotReadingGenerator.swift in Sources */,
				E0D4F5A195E882A66CED7828 /* TarotResultView.swift in Sources */,
				5BF8107B5EDA32B12DEA70D2 /* TarotView.swift in Sources */,
				D9AEBAFB9B5150868DFD198C /* TarotViewModel.swift in Sources */,
				EE22FB6A834922BD222AC695 /* UserFacingError.swift in Sources */,
				5FACF594D1BC26038F9C7A23 /* View+Theme.swift in Sources */,
				12D27D68A4F93F0A52E880F1 /* ZodiacSign.swift in Sources */,
			);
			runOnlyForDeploymentPostprocessing = 0;
		};
/* End PBXSourcesBuildPhase section */

/* Begin PBXTargetDependency section */
		A1744A2FF7AF661FBC56E138 /* PBXTargetDependency */ = {
			isa = PBXTargetDependency;
			target = D1F438A7CD6408EB4A44857B /* PocketOracle */;
			targetProxy = 5C231BD8E86CF2594441E59F /* PBXContainerItemProxy */;
		};
/* End PBXTargetDependency section */

/* Begin PBXVariantGroup section */
		FCD9A223A7BA7C8787F964E5 /* Localizable.strings */ = {
			isa = PBXVariantGroup;
			children = (
				796D798A601D273D9C93410B /* en */,
				56B2F3698FBDCCD61B9B996E /* zh-Hans */,
			);
			name = Localizable.strings;
			sourceTree = "<group>";
		};
/* End PBXVariantGroup section */

/* Begin XCBuildConfiguration section */
		3595C1F158DF7EDBE9E7C7D9 /* Debug */ = {
			isa = XCBuildConfiguration;
			buildSettings = {
				ALWAYS_SEARCH_USER_PATHS = NO;
				CLANG_ANALYZER_NONNULL = YES;
				CLANG_ANALYZER_NUMBER_OBJECT_CONVERSION = YES_AGGRESSIVE;
				CLANG_CXX_LANGUAGE_STANDARD = "gnu++14";
				CLANG_CXX_LIBRARY = "libc++";
				CLANG_ENABLE_MODULES = YES;
				CLANG_ENABLE_OBJC_ARC = YES;
				CLANG_ENABLE_OBJC_WEAK = YES;
				CLANG_WARN_BLOCK_CAPTURE_AUTORELEASING = YES;
				CLANG_WARN_BOOL_CONVERSION = YES;
				CLANG_WARN_COMMA = YES;
				CLANG_WARN_CONSTANT_CONVERSION = YES;
				CLANG_WARN_DEPRECATED_OBJC_IMPLEMENTATIONS = YES;
				CLANG_WARN_DIRECT_OBJC_ISA_USAGE = YES_ERROR;
				CLANG_WARN_DOCUMENTATION_COMMENTS = YES;
				CLANG_WARN_EMPTY_BODY = YES;
				CLANG_WARN_ENUM_CONVERSION = YES;
				CLANG_WARN_INFINITE_RECURSION = YES;
				CLANG_WARN_INT_CONVERSION = YES;
				CLANG_WARN_NON_LITERAL_NULL_CONVERSION = YES;
				CLANG_WARN_OBJC_IMPLICIT_RETAIN_SELF = YES;
				CLANG_WARN_OBJC_LITERAL_CONVERSION = YES;
				CLANG_WARN_OBJC_ROOT_CLASS = YES_ERROR;
				CLANG_WARN_QUOTED_INCLUDE_IN_FRAMEWORK_HEADER = YES;
				CLANG_WARN_RANGE_LOOP_ANALYSIS = YES;
				CLANG_WARN_STRICT_PROTOTYPES = YES;
				CLANG_WARN_SUSPICIOUS_MOVE = YES;
				CLANG_WARN_UNGUARDED_AVAILABILITY = YES_AGGRESSIVE;
				CLANG_WARN_UNREACHABLE_CODE = YES;
				CLANG_WARN__DUPLICATE_METHOD_MATCH = YES;
				COPY_PHASE_STRIP = NO;
				DEBUG_INFORMATION_FORMAT = dwarf;
				ENABLE_STRICT_OBJC_MSGSEND = YES;
				ENABLE_TESTABILITY = YES;
				GCC_C_LANGUAGE_STANDARD = gnu11;
				GCC_DYNAMIC_NO_PIC = NO;
				GCC_NO_COMMON_BLOCKS = YES;
				GCC_OPTIMIZATION_LEVEL = 0;
				GCC_PREPROCESSOR_DEFINITIONS = (
					"$(inherited)",
					"DEBUG=1",
				);
				GCC_WARN_64_TO_32_BIT_CONVERSION = YES;
				GCC_WARN_ABOUT_RETURN_TYPE = YES_ERROR;
				GCC_WARN_UNDECLARED_SELECTOR = YES;
				GCC_WARN_UNINITIALIZED_AUTOS = YES_AGGRESSIVE;
				GCC_WARN_UNUSED_FUNCTION = YES;
				GCC_WARN_UNUSED_VARIABLE = YES;
				IPHONEOS_DEPLOYMENT_TARGET = 17.0;
				MTL_ENABLE_DEBUG_INFO = INCLUDE_SOURCE;
				MTL_FAST_MATH = YES;
				ONLY_ACTIVE_ARCH = YES;
				PRODUCT_NAME = "$(TARGET_NAME)";
				SDKROOT = iphoneos;
				SWIFT_ACTIVE_COMPILATION_CONDITIONS = DEBUG;
				SWIFT_OPTIMIZATION_LEVEL = "-Onone";
				SWIFT_VERSION = 5.0;
			};
			name = Debug;
		};
		BDBBC4C3342F1F5EA47B2E1F /* Release */ = {
			isa = XCBuildConfiguration;
			buildSettings = {
				ALWAYS_SEARCH_USER_PATHS = NO;
				CLANG_ANALYZER_NONNULL = YES;
				CLANG_ANALYZER_NUMBER_OBJECT_CONVERSION = YES_AGGRESSIVE;
				CLANG_CXX_LANGUAGE_STANDARD = "gnu++14";
				CLANG_CXX_LIBRARY = "libc++";
				CLANG_ENABLE_MODULES = YES;
				CLANG_ENABLE_OBJC_ARC = YES;
				CLANG_ENABLE_OBJC_WEAK = YES;
				CLANG_WARN_BLOCK_CAPTURE_AUTORELEASING = YES;
				CLANG_WARN_BOOL_CONVERSION = YES;
				CLANG_WARN_COMMA = YES;
				CLANG_WARN_CONSTANT_CONVERSION = YES;
				CLANG_WARN_DEPRECATED_OBJC_IMPLEMENTATIONS = YES;
				CLANG_WARN_DIRECT_OBJC_ISA_USAGE = YES_ERROR;
				CLANG_WARN_DOCUMENTATION_COMMENTS = YES;
				CLANG_WARN_EMPTY_BODY = YES;
				CLANG_WARN_ENUM_CONVERSION = YES;
				CLANG_WARN_INFINITE_RECURSION = YES;
				CLANG_WARN_INT_CONVERSION = YES;
				CLANG_WARN_NON_LITERAL_NULL_CONVERSION = YES;
				CLANG_WARN_OBJC_IMPLICIT_RETAIN_SELF = YES;
				CLANG_WARN_OBJC_LITERAL_CONVERSION = YES;
				CLANG_WARN_OBJC_ROOT_CLASS = YES_ERROR;
				CLANG_WARN_QUOTED_INCLUDE_IN_FRAMEWORK_HEADER = YES;
				CLANG_WARN_RANGE_LOOP_ANALYSIS = YES;
				CLANG_WARN_STRICT_PROTOTYPES = YES;
				CLANG_WARN_SUSPICIOUS_MOVE = YES;
				CLANG_WARN_UNGUARDED_AVAILABILITY = YES_AGGRESSIVE;
				CLANG_WARN_UNREACHABLE_CODE = YES;
				CLANG_WARN__DUPLICATE_METHOD_MATCH = YES;
				COPY_PHASE_STRIP = NO;
				DEBUG_INFORMATION_FORMAT = "dwarf-with-dsym";
				ENABLE_NS_ASSERTIONS = NO;
				ENABLE_STRICT_OBJC_MSGSEND = YES;
				GCC_C_LANGUAGE_STANDARD = gnu11;
				GCC_NO_COMMON_BLOCKS = YES;
				GCC_WARN_64_TO_32_BIT_CONVERSION = YES;
				GCC_WARN_ABOUT_RETURN_TYPE = YES_ERROR;
				GCC_WARN_UNDECLARED_SELECTOR = YES;
				GCC_WARN_UNINITIALIZED_AUTOS = YES_AGGRESSIVE;
				GCC_WARN_UNUSED_FUNCTION = YES;
				GCC_WARN_UNUSED_VARIABLE = YES;
				IPHONEOS_DEPLOYMENT_TARGET = 17.0;
				MTL_ENABLE_DEBUG_INFO = NO;
				MTL_FAST_MATH = YES;
				PRODUCT_NAME = "$(TARGET_NAME)";
				SDKROOT = iphoneos;
				SWIFT_COMPILATION_MODE = wholemodule;
				SWIFT_OPTIMIZATION_LEVEL = "-O";
				SWIFT_VERSION = 5.0;
			};
			name = Release;
		};
		E73984DF560934721B7F6A40 /* Debug */ = {
			isa = XCBuildConfiguration;
			buildSettings = {
				BUNDLE_LOADER = "$(TEST_HOST)";
				GENERATE_INFOPLIST_FILE = YES;
				IPHONEOS_DEPLOYMENT_TARGET = 17.0;
				LD_RUNPATH_SEARCH_PATHS = (
					"$(inherited)",
					"@executable_path/Frameworks",
					"@loader_path/Frameworks",
				);
				PRODUCT_BUNDLE_IDENTIFIER = com.fortunepocket.ios.tests;
				SDKROOT = iphoneos;
				SWIFT_VERSION = 5.9;
				TARGETED_DEVICE_FAMILY = "1,2";
				TEST_HOST = "$(BUILT_PRODUCTS_DIR)/PocketOracle.app/PocketOracle";
			};
			name = Debug;
		};
		F076AAF7F565819EBB61F667 /* Release */ = {
			isa = XCBuildConfiguration;
			baseConfigurationReference = BCDAE8F4368DD6A0DD7E1044 /* LocalSigning.xcconfig */;
			buildSettings = {
				ASSETCATALOG_COMPILER_APPICON_NAME = AppIcon;
				ASSETCATALOG_COMPILER_GLOBAL_ACCENT_COLOR_NAME = "";
				CODE_SIGN_IDENTITY = "iPhone Developer";
				CODE_SIGN_STYLE = Automatic;
				DEVELOPMENT_TEAM = 535V7382B6;
				GENERATE_INFOPLIST_FILE = NO;
				INFOPLIST_FILE = PocketOracle/Resources/Info.plist;
				IPHONEOS_DEPLOYMENT_TARGET = 17.0;
				LD_RUNPATH_SEARCH_PATHS = (
					"$(inherited)",
					"@executable_path/Frameworks",
				);
				PRODUCT_BUNDLE_IDENTIFIER = com.fortunepocket.ios;
				PRODUCT_NAME = PocketOracle;
				SDKROOT = iphoneos;
				SUPPORTED_PLATFORMS = "iphoneos iphonesimulator";
				SWIFT_VERSION = 5.9;
				TARGETED_DEVICE_FAMILY = "1,2";
			};
			name = Release;
		};
		F315E56A6FAC4DBE24D8273F /* Debug */ = {
			isa = XCBuildConfiguration;
			baseConfigurationReference = BCDAE8F4368DD6A0DD7E1044 /* LocalSigning.xcconfig */;
			buildSettings = {
				ASSETCATALOG_COMPILER_APPICON_NAME = AppIcon;
				ASSETCATALOG_COMPILER_GLOBAL_ACCENT_COLOR_NAME = "";
				CODE_SIGN_IDENTITY = "iPhone Developer";
				CODE_SIGN_STYLE = Automatic;
				DEVELOPMENT_TEAM = 535V7382B6;
				GENERATE_INFOPLIST_FILE = NO;
				INFOPLIST_FILE = PocketOracle/Resources/Info.plist;
				IPHONEOS_DEPLOYMENT_TARGET = 17.0;
				LD_RUNPATH_SEARCH_PATHS = (
					"$(inherited)",
					"@executable_path/Frameworks",
				);
				PRODUCT_BUNDLE_IDENTIFIER = com.fortunepocket.ios;
				PRODUCT_NAME = PocketOracle;
				SDKROOT = iphoneos;
				SUPPORTED_PLATFORMS = "iphoneos iphonesimulator";
				SWIFT_VERSION = 5.9;
				TARGETED_DEVICE_FAMILY = "1,2";
			};
			name = Debug;
		};
		F9389EACD82790F22A80C1B5 /* Release */ = {
			isa = XCBuildConfiguration;
			buildSettings = {
				BUNDLE_LOADER = "$(TEST_HOST)";
				GENERATE_INFOPLIST_FILE = YES;
				IPHONEOS_DEPLOYMENT_TARGET = 17.0;
				LD_RUNPATH_SEARCH_PATHS = (
					"$(inherited)",
					"@executable_path/Frameworks",
					"@loader_path/Frameworks",
				);
				PRODUCT_BUNDLE_IDENTIFIER = com.fortunepocket.ios.tests;
				SDKROOT = iphoneos;
				SWIFT_VERSION = 5.9;
				TARGETED_DEVICE_FAMILY = "1,2";
				TEST_HOST = "$(BUILT_PRODUCTS_DIR)/PocketOracle.app/PocketOracle";
			};
			name = Release;
		};
/* End XCBuildConfiguration section */

/* Begin XCConfigurationList section */
		1341A2093509C4D4182A390D /* Build configuration list for PBXNativeTarget "PocketOracleTests" */ = {
			isa = XCConfigurationList;
			buildConfigurations = (
				E73984DF560934721B7F6A40 /* Debug */,
				F9389EACD82790F22A80C1B5 /* Release */,
			);
			defaultConfigurationIsVisible = 0;
			defaultConfigurationName = Debug;
		};
		82848804FCBD9614AC46A776 /* Build configuration list for PBXProject "PocketOracle" */ = {
			isa = XCConfigurationList;
			buildConfigurations = (
				3595C1F158DF7EDBE9E7C7D9 /* Debug */,
				BDBBC4C3342F1F5EA47B2E1F /* Release */,
			);
			defaultConfigurationIsVisible = 0;
			defaultConfigurationName = Debug;
		};
		F017072B77EDF9607AD4135E /* Build configuration list for PBXNativeTarget "PocketOracle" */ = {
			isa = XCConfigurationList;
			buildConfigurations = (
				F315E56A6FAC4DBE24D8273F /* Debug */,
				F076AAF7F565819EBB61F667 /* Release */,
			);
			defaultConfigurationIsVisible = 0;
			defaultConfigurationName = Debug;
		};
/* End XCConfigurationList section */
	};
	rootObject = 520DBEAAE61D79FBDEDC2225 /* Project object */;
}
